Microsoft Visual Studio Solution File, Format Version 12.00
# Visual Studio Version 17
VisualStudioVersion = 17.12.35527.113
MinimumVisualStudioVersion = 10.0.40219.1
Project("{9A19103F-16F7-4668-BE54-9A1E7A4F7556}") = "FolderDiff", "FolderDiff.csproj", "{0F754A45-9BB4-4F20-B571-9DD118F53E05}"
EndProject
Global
	GlobalSection(SolutionConfigurationPlatforms) = preSolution
		Debug|Any CPU = Debug|Any CPU
		Release|Any CPU = Release|Any CPU
	EndGlobalSection
	GlobalSection(ProjectConfigurationPlatforms) = postSolution
		{0F754A45-9BB4-4F20-B571-9DD118F53E05}.Debug|Any CPU.ActiveCfg = Debug|Any CPU
		{0F754A45-9BB4-4F20-B571-9DD118F53E05}.Debug|Any CPU.Build.0 = Debug|Any CPU
		{0F754A45-9BB4-4F20-B571-9DD118F53E05}.Release|Any CPU.ActiveCfg = Release|Any CPU
		{0F754A45-9BB4-4F20-B571-9DD118F53E05}.Release|Any CPU.Build.0 = Release|Any CPU
	EndGlobalSection
	GlobalSection(SolutionProperties) = preSolution
		HideSolutionNode = FALSE
	EndGlobalSection
	GlobalSection(ExtensibilityGlobals) = postSolution
		SolutionGuid = {2D38ACAB-8178-494B-94A3-F34BC29F4945}
	EndGlobalSection
EndGlobal
